
Microsoft Visual Studio Solution File, Format Version 12.00
# Visual Studio Version 16
VisualStudioVersion = 16.0.30413.136
MinimumVisualStudioVersion = 10.0.40219.1
Project("{FAE04EC0-301F-11D3-BF4B-00C04F79EFBC}") = "Elementos y Componentes c", "Elementos y Componentes c\Elementos y Componentes c.csproj", "{3BA4A0B2-BFE1-4DD5-AF73-F58F88651B48}"
EndProject
Global
	GlobalSection(SolutionConfigurationPlatforms) = preSolution
		Debug|Any CPU = Debug|Any CPU
		Release|Any CPU = Release|Any CPU
	EndGlobalSection
	GlobalSection(ProjectConfigurationPlatforms) = postSolution
		{3BA4A0B2-BFE1-4DD5-AF73-F58F88651B48}.Debug|Any CPU.ActiveCfg = Debug|Any CPU
		{3BA4A0B2-BFE1-4DD5-AF73-F58F88651B48}.Debug|Any CPU.Build.0 = Debug|Any CPU
		{3BA4A0B2-BFE1-4DD5-AF73-F58F88651B48}.Release|Any CPU.ActiveCfg = Release|Any CPU
		{3BA4A0B2-BFE1-4DD5-AF73-F58F88651B48}.Release|Any CPU.Build.0 = Release|Any CPU
	EndGlobalSection
	GlobalSection(SolutionProperties) = preSolution
		HideSolutionNode = FALSE
	EndGlobalSection
	GlobalSection(ExtensibilityGlobals) = postSolution
		SolutionGuid = {3FC91BCA-4585-45B7-9D29-EFF54960A6AB}
	EndGlobalSection
EndGlobal
